
Microsoft Visual Studio Solution File, Format Version 12.00
# Visual Studio Version 17
VisualStudioVersion = 17.4.33213.308
MinimumVisualStudioVersion = 10.0.40219.1
Project("{FAE04EC0-301F-11D3-BF4B-00C04F79EFBC}") = "LineComparision", "LineComparision.csproj", "{0EE94703-C358-4E8F-A298-4873F5FF5009}"
EndProject
Global
	GlobalSection(SolutionConfigurationPlatforms) = preSolution
		Debug|Any CPU = Debug|Any CPU
		Release|Any CPU = Release|Any CPU
	EndGlobalSection
	GlobalSection(ProjectConfigurationPlatforms) = postSolution
		{0EE94703-C358-4E8F-A298-4873F5FF5009}.Debug|Any CPU.ActiveCfg = Debug|Any CPU
		{0EE94703-C358-4E8F-A298-4873F5FF5009}.Debug|Any CPU.Build.0 = Debug|Any CPU
		{0EE94703-C358-4E8F-A298-4873F5FF5009}.Release|Any CPU.ActiveCfg = Release|Any CPU
		{0EE94703-C358-4E8F-A298-4873F5FF5009}.Release|Any CPU.Build.0 = Release|Any CPU
	EndGlobalSection
	GlobalSection(SolutionProperties) = preSolution
		HideSolutionNode = FALSE
	EndGlobalSection
	GlobalSection(ExtensibilityGlobals) = postSolution
		SolutionGuid = {625FA087-ABAC-4297-8222-6901EF54086E}
	EndGlobalSection
EndGlobal
