
Microsoft Visual Studio Solution File, Format Version 12.00
# Visual Studio Version 17
VisualStudioVersion = 17.4.33213.308
MinimumVisualStudioVersion = 10.0.40219.1
Project("{FAE04EC0-301F-11D3-BF4B-00C04F79EFBC}") = "LineComparision2", "LineComparision2.csproj", "{27676952-5818-4DB5-B720-173365398B67}"
EndProject
Global
	GlobalSection(SolutionConfigurationPlatforms) = preSolution
		Debug|Any CPU = Debug|Any CPU
		Release|Any CPU = Release|Any CPU
	EndGlobalSection
	GlobalSection(ProjectConfigurationPlatforms) = postSolution
		{27676952-5818-4DB5-B720-173365398B67}.Debug|Any CPU.ActiveCfg = Debug|Any CPU
		{27676952-5818-4DB5-B720-173365398B67}.Debug|Any CPU.Build.0 = Debug|Any CPU
		{27676952-5818-4DB5-B720-173365398B67}.Release|Any CPU.ActiveCfg = Release|Any CPU
		{27676952-5818-4DB5-B720-173365398B67}.Release|Any CPU.Build.0 = Release|Any CPU
	EndGlobalSection
	GlobalSection(SolutionProperties) = preSolution
		HideSolutionNode = FALSE
	EndGlobalSection
	GlobalSection(ExtensibilityGlobals) = postSolution
		SolutionGuid = {78712D24-4242-43D8-8B2D-4AF6FA5D131D}
	EndGlobalSection
EndGlobal
